
Microsoft Visual Studio Solution File, Format Version 12.00
# Visual Studio 15
VisualStudioVersion = 15.0.27703.2042
MinimumVisualStudioVersion = 10.0.40219.1
Project("{FAE04EC0-301F-11D3-BF4B-00C04F79EFBC}") = "KitchenaryWebService", "Kitchenary\KitchenaryWebService.csproj", "{CE607DF4-CCEA-4F26-B6DB-8E8E385A08B6}"
EndProject
Project("{FAE04EC0-301F-11D3-BF4B-00C04F79EFBC}") = "EdamamService", "EdamamService\EdamamService.csproj", "{5FFAE2CE-DB79-408D-99D4-1F6CB24B25AE}"
EndProject
Project("{FAE04EC0-301F-11D3-BF4B-00C04F79EFBC}") = "EdamamServiceTests", "EdamanServiceTests\EdamamServiceTests.csproj", "{9C6E5A91-9D25-493E-90B3-6362CB81C438}"
EndProject
Project("{FAE04EC0-301F-11D3-BF4B-00C04F79EFBC}") = "Recommendation", "Recommendation\Recommendation.csproj", "{EEB22652-C6EF-4DC9-9E88-7580F3E69B8D}"
EndProject
Project("{FAE04EC0-301F-11D3-BF4B-00C04F79EFBC}") = "RecommendationTest", "UnitTestProject1\RecommendationTest.csproj", "{2CE351C6-709C-4F0F-BAA1-F6FECF67657D}"
	ProjectSection(ProjectDependencies) = postProject
		{EEB22652-C6EF-4DC9-9E88-7580F3E69B8D} = {EEB22652-C6EF-4DC9-9E88-7580F3E69B8D}
	EndProjectSection
EndProject
Global
	GlobalSection(SolutionConfigurationPlatforms) = preSolution
		Debug|Any CPU = Debug|Any CPU
		Debug|ARM = Debug|ARM
		Debug|x64 = Debug|x64
		Debug|x86 = Debug|x86
		Release|Any CPU = Release|Any CPU
		Release|ARM = Release|ARM
		Release|x64 = Release|x64
		Release|x86 = Release|x86
	EndGlobalSection
	GlobalSection(ProjectConfigurationPlatforms) = postSolution
		{CE607DF4-CCEA-4F26-B6DB-8E8E385A08B6}.Debug|Any CPU.ActiveCfg = Debug|Any CPU
		{CE607DF4-CCEA-4F26-B6DB-8E8E385A08B6}.Debug|Any CPU.Build.0 = Debug|Any CPU
		{CE607DF4-CCEA-4F26-B6DB-8E8E385A08B6}.Debug|ARM.ActiveCfg = Debug|Any CPU
		{CE607DF4-CCEA-4F26-B6DB-8E8E385A08B6}.Debug|ARM.Build.0 = Debug|Any CPU
		{CE607DF4-CCEA-4F26-B6DB-8E8E385A08B6}.Debug|x64.ActiveCfg = Debug|Any CPU
		{CE607DF4-CCEA-4F26-B6DB-8E8E385A08B6}.Debug|x64.Build.0 = Debug|Any CPU
		{CE607DF4-CCEA-4F26-B6DB-8E8E385A08B6}.Debug|x86.ActiveCfg = Debug|Any CPU
		{CE607DF4-CCEA-4F26-B6DB-8E8E385A08B6}.Debug|x86.Build.0 = Debug|Any CPU
		{CE607DF4-CCEA-4F26-B6DB-8E8E385A08B6}.Release|Any CPU.ActiveCfg = Release|Any CPU
		{CE607DF4-CCEA-4F26-B6DB-8E8E385A08B6}.Release|Any CPU.Build.0 = Release|Any CPU
		{CE607DF4-CCEA-4F26-B6DB-8E8E385A08B6}.Release|ARM.ActiveCfg = Release|Any CPU
		{CE607DF4-CCEA-4F26-B6DB-8E8E385A08B6}.Release|ARM.Build.0 = Release|Any CPU
		{CE607DF4-CCEA-4F26-B6DB-8E8E385A08B6}.Release|x64.ActiveCfg = Release|Any CPU
		{CE607DF4-CCEA-4F26-B6DB-8E8E385A08B6}.Release|x64.Build.0 = Release|Any CPU
		{CE607DF4-CCEA-4F26-B6DB-8E8E385A08B6}.Release|x86.ActiveCfg = Release|Any CPU
		{CE607DF4-CCEA-4F26-B6DB-8E8E385A08B6}.Release|x86.Build.0 = Release|Any CPU
		{5FFAE2CE-DB79-408D-99D4-1F6CB24B25AE}.Debug|Any CPU.ActiveCfg = Debug|Any CPU
		{5FFAE2CE-DB79-408D-99D4-1F6CB24B25AE}.Debug|Any CPU.Build.0 = Debug|Any CPU
		{5FFAE2CE-DB79-408D-99D4-1F6CB24B25AE}.Debug|ARM.ActiveCfg = Debug|Any CPU
		{5FFAE2CE-DB79-408D-99D4-1F6CB24B25AE}.Debug|ARM.Build.0 = Debug|Any CPU
		{5FFAE2CE-DB79-408D-99D4-1F6CB24B25AE}.Debug|x64.ActiveCfg = Debug|Any CPU
		{5FFAE2CE-DB79-408D-99D4-1F6CB24B25AE}.Debug|x64.Build.0 = Debug|Any CPU
		{5FFAE2CE-DB79-408D-99D4-1F6CB24B25AE}.Debug|x86.ActiveCfg = Debug|Any CPU
		{5FFAE2CE-DB79-408D-99D4-1F6CB24B25AE}.Debug|x86.Build.0 = Debug|Any CPU
		{5FFAE2CE-DB79-408D-99D4-1F6CB24B25AE}.Release|Any CPU.ActiveCfg = Release|Any CPU
		{5FFAE2CE-DB79-408D-99D4-1F6CB24B25AE}.Release|Any CPU.Build.0 = Release|Any CPU
		{5FFAE2CE-DB79-408D-99D4-1F6CB24B25AE}.Release|ARM.ActiveCfg = Release|Any CPU
		{5FFAE2CE-DB79-408D-99D4-1F6CB24B25AE}.Release|ARM.Build.0 = Release|Any CPU
		{5FFAE2CE-DB79-408D-99D4-1F6CB24B25AE}.Release|x64.ActiveCfg = Release|Any CPU
		{5FFAE2CE-DB79-408D-99D4-1F6CB24B25AE}.Release|x64.Build.0 = Release|Any CPU
		{5FFAE2CE-DB79-408D-99D4-1F6CB24B25AE}.Release|x86.ActiveCfg = Release|Any CPU
		{5FFAE2CE-DB79-408D-99D4-1F6CB24B25AE}.Release|x86.Build.0 = Release|Any CPU
		{9C6E5A91-9D25-493E-90B3-6362CB81C438}.Debug|Any CPU.ActiveCfg = Debug|Any CPU
		{9C6E5A91-9D25-493E-90B3-6362CB81C438}.Debug|Any CPU.Build.0 = Debug|Any CPU
		{9C6E5A91-9D25-493E-90B3-6362CB81C438}.Debug|ARM.ActiveCfg = Debug|Any CPU
		{9C6E5A91-9D25-493E-90B3-6362CB81C438}.Debug|ARM.Build.0 = Debug|Any CPU
		{9C6E5A91-9D25-493E-90B3-6362CB81C438}.Debug|x64.ActiveCfg = Debug|Any CPU
		{9C6E5A91-9D25-493E-90B3-6362CB81C438}.Debug|x64.Build.0 = Debug|Any CPU
		{9C6E5A91-9D25-493E-90B3-6362CB81C438}.Debug|x86.ActiveCfg = Debug|Any CPU
		{9C6E5A91-9D25-493E-90B3-6362CB81C438}.Debug|x86.Build.0 = Debug|Any CPU
		{9C6E5A91-9D25-493E-90B3-6362CB81C438}.Release|Any CPU.ActiveCfg = Release|Any CPU
		{9C6E5A91-9D25-493E-90B3-6362CB81C438}.Release|Any CPU.Build.0 = Release|Any CPU
		{9C6E5A91-9D25-493E-90B3-6362CB81C438}.Release|ARM.ActiveCfg = Release|Any CPU
		{9C6E5A91-9D25-493E-90B3-6362CB81C438}.Release|ARM.Build.0 = Release|Any CPU
		{9C6E5A91-9D25-493E-90B3-6362CB81C438}.Release|x64.ActiveCfg = Release|Any CPU
		{9C6E5A91-9D25-493E-90B3-6362CB81C438}.Release|x64.Build.0 = Release|Any CPU
		{9C6E5A91-9D25-493E-90B3-6362CB81C438}.Release|x86.ActiveCfg = Release|Any CPU
		{9C6E5A91-9D25-493E-90B3-6362CB81C438}.Release|x86.Build.0 = Release|Any CPU
		{EEB22652-C6EF-4DC9-9E88-7580F3E69B8D}.Debug|Any CPU.ActiveCfg = Debug|Any CPU
		{EEB22652-C6EF-4DC9-9E88-7580F3E69B8D}.Debug|Any CPU.Build.0 = Debug|Any CPU
		{EEB22652-C6EF-4DC9-9E88-7580F3E69B8D}.Debug|ARM.ActiveCfg = Debug|Any CPU
		{EEB22652-C6EF-4DC9-9E88-7580F3E69B8D}.Debug|ARM.Build.0 = Debug|Any CPU
		{EEB22652-C6EF-4DC9-9E88-7580F3E69B8D}.Debug|x64.ActiveCfg = Debug|Any CPU
		{EEB22652-C6EF-4DC9-9E88-7580F3E69B8D}.Debug|x64.Build.0 = Debug|Any CPU
		{EEB22652-C6EF-4DC9-9E88-7580F3E69B8D}.Debug|x86.ActiveCfg = Debug|Any CPU
		{EEB22652-C6EF-4DC9-9E88-7580F3E69B8D}.Debug|x86.Build.0 = Debug|Any CPU
		{EEB22652-C6EF-4DC9-9E88-7580F3E69B8D}.Release|Any CPU.ActiveCfg = Release|Any CPU
		{EEB22652-C6EF-4DC9-9E88-7580F3E69B8D}.Release|Any CPU.Build.0 = Release|Any CPU
		{EEB22652-C6EF-4DC9-9E88-7580F3E69B8D}.Release|ARM.ActiveCfg = Release|Any CPU
		{EEB22652-C6EF-4DC9-9E88-7580F3E69B8D}.Release|ARM.Build.0 = Release|Any CPU
		{EEB22652-C6EF-4DC9-9E88-7580F3E69B8D}.Release|x64.ActiveCfg = Release|Any CPU
		{EEB22652-C6EF-4DC9-9E88-7580F3E69B8D}.Release|x64.Build.0 = Release|Any CPU
		{EEB22652-C6EF-4DC9-9E88-7580F3E69B8D}.Release|x86.ActiveCfg = Release|Any CPU
		{EEB22652-C6EF-4DC9-9E88-7580F3E69B8D}.Release|x86.Build.0 = Release|Any CPU
		{2CE351C6-709C-4F0F-BAA1-F6FECF67657D}.Debug|Any CPU.ActiveCfg = Debug|Any CPU
		{2CE351C6-709C-4F0F-BAA1-F6FECF67657D}.Debug|Any CPU.Build.0 = Debug|Any CPU
		{2CE351C6-709C-4F0F-BAA1-F6FECF67657D}.Debug|ARM.ActiveCfg = Debug|Any CPU
		{2CE351C6-709C-4F0F-BAA1-F6FECF67657D}.Debug|ARM.Build.0 = Debug|Any CPU
		{2CE351C6-709C-4F0F-BAA1-F6FECF67657D}.Debug|x64.ActiveCfg = Debug|Any CPU
		{2CE351C6-709C-4F0F-BAA1-F6FECF67657D}.Debug|x64.Build.0 = Debug|Any CPU
		{2CE351C6-709C-4F0F-BAA1-F6FECF67657D}.Debug|x86.ActiveCfg = Debug|Any CPU
		{2CE351C6-709C-4F0F-BAA1-F6FECF67657D}.Debug|x86.Build.0 = Debug|Any CPU
		{2CE351C6-709C-4F0F-BAA1-F6FECF67657D}.Release|Any CPU.ActiveCfg = Release|Any CPU
		{2CE351C6-709C-4F0F-BAA1-F6FECF67657D}.Release|Any CPU.Build.0 = Release|Any CPU
		{2CE351C6-709C-4F0F-BAA1-F6FECF67657D}.Release|ARM.ActiveCfg = Release|Any CPU
		{2CE351C6-709C-4F0F-BAA1-F6FECF67657D}.Release|ARM.Build.0 = Release|Any CPU
		{2CE351C6-709C-4F0F-BAA1-F6FECF67657D}.Release|x64.ActiveCfg = Release|Any CPU
		{2CE351C6-709C-4F0F-BAA1-F6FECF67657D}.Release|x64.Build.0 = Release|Any CPU
		{2CE351C6-709C-4F0F-BAA1-F6FECF67657D}.Release|x86.ActiveCfg = Release|Any CPU
		{2CE351C6-709C-4F0F-BAA1-F6FECF67657D}.Release|x86.Build.0 = Release|Any CPU
	EndGlobalSection
	GlobalSection(SolutionProperties) = preSolution
		HideSolutionNode = FALSE
	EndGlobalSection
	GlobalSection(ExtensibilityGlobals) = postSolution
		SolutionGuid = {A0D3B615-8FCA-482E-8D96-96B4ED15422A}
	EndGlobalSection
EndGlobal
